
Microsoft Visual Studio Solution File, Format Version 12.00
# Visual Studio Version 16
VisualStudioVersion = 16.0.30413.136
MinimumVisualStudioVersion = 10.0.40219.1
Project("{2150E333-8FDC-42A3-9474-1A3956D46DE8}") = "Presentation", "Presentation", "{17CE77C0-3A99-4E4B-9190-240C85A0BFDF}"
EndProject
Project("{2150E333-8FDC-42A3-9474-1A3956D46DE8}") = "Application", "Application", "{0D075DB1-890C-4C43-9644-ABA56BA9010F}"
EndProject
Project("{2150E333-8FDC-42A3-9474-1A3956D46DE8}") = "Domain", "Domain", "{0275429B-6733-4E0D-8297-E245CBB5CD57}"
EndProject
Project("{2150E333-8FDC-42A3-9474-1A3956D46DE8}") = "Infrastructure", "Infrastructure", "{2AC143B2-2C2C-4FB4-9F37-743E503640BD}"
EndProject
Project("{2150E333-8FDC-42A3-9474-1A3956D46DE8}") = "Tests", "Tests", "{5034EAF3-403A-4B27-9250-FDC5A911D2EB}"
EndProject
Project("{9A19103F-16F7-4668-BE54-9A1E7A4F7556}") = "Alza.Web", "Presentation\Alza.Web\Alza.Web.csproj", "{2887E1DE-9950-417D-AAE5-AF7DC1797707}"
EndProject
Project("{9A19103F-16F7-4668-BE54-9A1E7A4F7556}") = "Alza.Application.Web", "Application\Alza.Application.Web\Alza.Application.Web.csproj", "{AE8036A1-6D8D-49EC-B88B-FD50B2D503B3}"
EndProject
Project("{9A19103F-16F7-4668-BE54-9A1E7A4F7556}") = "Alza.Domain", "Domain\Alza.Domain\Alza.Domain.csproj", "{CCA5E18D-E069-4ADA-B137-718EEA12EC4A}"
EndProject
Project("{9A19103F-16F7-4668-BE54-9A1E7A4F7556}") = "Alza.Domain.Abstractions", "Domain\Alza.Domain.Abstractions\Alza.Domain.Abstractions.csproj", "{FBB1DF24-C59A-4456-A715-A445C3946950}"
EndProject
Project("{9A19103F-16F7-4668-BE54-9A1E7A4F7556}") = "Alza.Domain.Services", "Domain\Alza.Domain.Services\Alza.Domain.Services.csproj", "{F457397F-FCF0-4DFE-83E7-3F0401FBC5C1}"
EndProject
Project("{9A19103F-16F7-4668-BE54-9A1E7A4F7556}") = "Alza.Infrastructure.SqlServer", "Infrastructure\Alza.Infrastructure.SqlServer\Alza.Infrastructure.SqlServer.csproj", "{280A54EA-F707-4683-9C9B-79035A5137AF}"
EndProject
Project("{FAE04EC0-301F-11D3-BF4B-00C04F79EFBC}") = "Alza.UnitTests", "Tests\Alza.UnitTests\Alza.UnitTests.csproj", "{3B9B5D48-0D20-48E7-A88D-F47515B00B31}"
EndProject
Global
	GlobalSection(SolutionConfigurationPlatforms) = preSolution
		Debug|Any CPU = Debug|Any CPU
		Release|Any CPU = Release|Any CPU
	EndGlobalSection
	GlobalSection(ProjectConfigurationPlatforms) = postSolution
		{2887E1DE-9950-417D-AAE5-AF7DC1797707}.Debug|Any CPU.ActiveCfg = Debug|Any CPU
		{2887E1DE-9950-417D-AAE5-AF7DC1797707}.Debug|Any CPU.Build.0 = Debug|Any CPU
		{2887E1DE-9950-417D-AAE5-AF7DC1797707}.Release|Any CPU.ActiveCfg = Release|Any CPU
		{2887E1DE-9950-417D-AAE5-AF7DC1797707}.Release|Any CPU.Build.0 = Release|Any CPU
		{AE8036A1-6D8D-49EC-B88B-FD50B2D503B3}.Debug|Any CPU.ActiveCfg = Debug|Any CPU
		{AE8036A1-6D8D-49EC-B88B-FD50B2D503B3}.Debug|Any CPU.Build.0 = Debug|Any CPU
		{AE8036A1-6D8D-49EC-B88B-FD50B2D503B3}.Release|Any CPU.ActiveCfg = Release|Any CPU
		{AE8036A1-6D8D-49EC-B88B-FD50B2D503B3}.Release|Any CPU.Build.0 = Release|Any CPU
		{CCA5E18D-E069-4ADA-B137-718EEA12EC4A}.Debug|Any CPU.ActiveCfg = Debug|Any CPU
		{CCA5E18D-E069-4ADA-B137-718EEA12EC4A}.Debug|Any CPU.Build.0 = Debug|Any CPU
		{CCA5E18D-E069-4ADA-B137-718EEA12EC4A}.Release|Any CPU.ActiveCfg = Release|Any CPU
		{CCA5E18D-E069-4ADA-B137-718EEA12EC4A}.Release|Any CPU.Build.0 = Release|Any CPU
		{FBB1DF24-C59A-4456-A715-A445C3946950}.Debug|Any CPU.ActiveCfg = Debug|Any CPU
		{FBB1DF24-C59A-4456-A715-A445C3946950}.Debug|Any CPU.Build.0 = Debug|Any CPU
		{FBB1DF24-C59A-4456-A715-A445C3946950}.Release|Any CPU.ActiveCfg = Release|Any CPU
		{FBB1DF24-C59A-4456-A715-A445C3946950}.Release|Any CPU.Build.0 = Release|Any CPU
		{F457397F-FCF0-4DFE-83E7-3F0401FBC5C1}.Debug|Any CPU.ActiveCfg = Debug|Any CPU
		{F457397F-FCF0-4DFE-83E7-3F0401FBC5C1}.Debug|Any CPU.Build.0 = Debug|Any CPU
		{F457397F-FCF0-4DFE-83E7-3F0401FBC5C1}.Release|Any CPU.ActiveCfg = Release|Any CPU
		{F457397F-FCF0-4DFE-83E7-3F0401FBC5C1}.Release|Any CPU.Build.0 = Release|Any CPU
		{280A54EA-F707-4683-9C9B-79035A5137AF}.Debug|Any CPU.ActiveCfg = Debug|Any CPU
		{280A54EA-F707-4683-9C9B-79035A5137AF}.Debug|Any CPU.Build.0 = Debug|Any CPU
		{280A54EA-F707-4683-9C9B-79035A5137AF}.Release|Any CPU.ActiveCfg = Release|Any CPU
		{280A54EA-F707-4683-9C9B-79035A5137AF}.Release|Any CPU.Build.0 = Release|Any CPU
		{3B9B5D48-0D20-48E7-A88D-F47515B00B31}.Debug|Any CPU.ActiveCfg = Debug|Any CPU
		{3B9B5D48-0D20-48E7-A88D-F47515B00B31}.Debug|Any CPU.Build.0 = Debug|Any CPU
		{3B9B5D48-0D20-48E7-A88D-F47515B00B31}.Release|Any CPU.ActiveCfg = Release|Any CPU
		{3B9B5D48-0D20-48E7-A88D-F47515B00B31}.Release|Any CPU.Build.0 = Release|Any CPU
	EndGlobalSection
	GlobalSection(SolutionProperties) = preSolution
		HideSolutionNode = FALSE
	EndGlobalSection
	GlobalSection(NestedProjects) = preSolution
		{2887E1DE-9950-417D-AAE5-AF7DC1797707} = {17CE77C0-3A99-4E4B-9190-240C85A0BFDF}
		{AE8036A1-6D8D-49EC-B88B-FD50B2D503B3} = {0D075DB1-890C-4C43-9644-ABA56BA9010F}
		{CCA5E18D-E069-4ADA-B137-718EEA12EC4A} = {0275429B-6733-4E0D-8297-E245CBB5CD57}
		{FBB1DF24-C59A-4456-A715-A445C3946950} = {0275429B-6733-4E0D-8297-E245CBB5CD57}
		{F457397F-FCF0-4DFE-83E7-3F0401FBC5C1} = {0275429B-6733-4E0D-8297-E245CBB5CD57}
		{280A54EA-F707-4683-9C9B-79035A5137AF} = {2AC143B2-2C2C-4FB4-9F37-743E503640BD}
		{3B9B5D48-0D20-48E7-A88D-F47515B00B31} = {5034EAF3-403A-4B27-9250-FDC5A911D2EB}
	EndGlobalSection
	GlobalSection(ExtensibilityGlobals) = postSolution
		SolutionGuid = {ACC22D90-C536-4A01-BFB8-1B3B5F39EE9A}
	EndGlobalSection
EndGlobal
